// !$*UTF8*$!
{
	archiveVersion = 1;
	classes = {
	};
	objectVersion = 56;
	objects = {

/* Begin PBXBuildFile section */
		C145A4EB28F16CC5001E36EF /* DevoteApp.swift in Sources */ = {isa = PBXBuildFile; fileRef = C145A4EA28F16CC5001E36EF /* DevoteApp.swift */; };
		C145A4ED28F16CC5001E36EF /* ContentView.swift in Sources */ = {isa = PBXBuildFile; fileRef = C145A4EC28F16CC5001E36EF /* ContentView.swift */; };
		C145A4EF28F16CC6001E36EF /* Assets.xcassets in Resources */ = {isa = PBXBuildFile; fileRef = C145A4EE28F16CC6001E36EF /* Assets.xcassets */; };
		C145A4F228F16CC6001E36EF /* Preview Assets.xcassets in Resources */ = {isa = PBXBuildFile; fileRef = C145A4F128F16CC6001E36EF /* Preview Assets.xcassets */; };
		C145A4F428F16CC6001E36EF /* Persistence.swift in Sources */ = {isa = PBXBuildFile; fileRef = C145A4F328F16CC6001E36EF /* Persistence.swift */; };
		C145A4F728F16CC6001E36EF /* Devote.xcdatamodeld in Sources */ = {isa = PBXBuildFile; fileRef = C145A4F528F16CC6001E36EF /* Devote.xcdatamodeld */; };
		C145A50028F16D29001E36EF /* sound-rise.mp3 in Resources */ = {isa = PBXBuildFile; fileRef = C145A4FD28F16D29001E36EF /* sound-rise.mp3 */; };
		C145A50128F16D29001E36EF /* sound-ding.mp3 in Resources */ = {isa = PBXBuildFile; fileRef = C145A4FE28F16D29001E36EF /* sound-ding.mp3 */; };
		C145A50228F16D29001E36EF /* sound-tap.mp3 in Resources */ = {isa = PBXBuildFile; fileRef = C145A4FF28F16D29001E36EF /* sound-tap.mp3 */; };
		C145A50B28F16FC4001E36EF /* ContentView-ViewModel.swift in Sources */ = {isa = PBXBuildFile; fileRef = C145A50A28F16FC4001E36EF /* ContentView-ViewModel.swift */; };
		C145A50E28F1767B001E36EF /* Constant.swift in Sources */ = {isa = PBXBuildFile; fileRef = C145A50D28F1767B001E36EF /* Constant.swift */; };
		C145A51128F19DEF001E36EF /* HideKeyboardExtension.swift in Sources */ = {isa = PBXBuildFile; fileRef = C145A51028F19DEF001E36EF /* HideKeyboardExtension.swift */; };
		C145A51328F1A6BA001E36EF /* BackgroundImageView.swift in Sources */ = {isa = PBXBuildFile; fileRef = C145A51228F1A6BA001E36EF /* BackgroundImageView.swift */; };
		C145A51528F1C422001E36EF /* NewTashItemView.swift in Sources */ = {isa = PBXBuildFile; fileRef = C145A51428F1C421001E36EF /* NewTashItemView.swift */; };
		C145A51728F1C92B001E36EF /* BlankView.swift in Sources */ = {isa = PBXBuildFile; fileRef = C145A51628F1C92A001E36EF /* BlankView.swift */; };
/* End PBXBuildFile section */

/* Begin PBXFileReference section */
		C145A4E728F16CC5001E36EF /* Devote.app */ = {isa = PBXFileReference; explicitFileType = wrapper.application; includeInIndex = 0; path = Devote.app; sourceTree = BUILT_PRODUCTS_DIR; };
		C145A4EA28F16CC5001E36EF /* DevoteApp.swift */ = {isa = PBXFileReference; lastKnownFileType = sourcecode.swift; path = DevoteApp.swift; sourceTree = "<group>"; };
		C145A4EC28F16CC5001E36EF /* ContentView.swift */ = {isa = PBXFileReference; lastKnownFileType = sourcecode.swift; path = ContentView.swift; sourceTree = "<group>"; };
		C145A4EE28F16CC6001E36EF /* Assets.xcassets */ = {isa = PBXFileReference; lastKnownFileType = folder.assetcatalog; path = Assets.xcassets; sourceTree = "<group>"; };
		C145A4F128F16CC6001E36EF /* Preview Assets.xcassets */ = {isa = PBXFileReference; lastKnownFileType = folder.assetcatalog; path = "Preview Assets.xcassets"; sourceTree = "<group>"; };
		C145A4F328F16CC6001E36EF /* Persistence.swift */ = {isa = PBXFileReference; lastKnownFileType = sourcecode.swift; path = Persistence.swift; sourceTree = "<group>"; };
		C145A4F628F16CC6001E36EF /* Devote.xcdatamodel */ = {isa = PBXFileReference; lastKnownFileType = wrapper.xcdatamodel; path = Devote.xcdatamodel; sourceTree = "<group>"; };
		C145A4FD28F16D29001E36EF /* sound-rise.mp3 */ = {isa = PBXFileReference; lastKnownFileType = audio.mp3; path = "sound-rise.mp3"; sourceTree = "<group>"; };
		C145A4FE28F16D29001E36EF /* sound-ding.mp3 */ = {isa = PBXFileReference; lastKnownFileType = audio.mp3; path = "sound-ding.mp3"; sourceTree = "<group>"; };
		C145A4FF28F16D29001E36EF /* sound-tap.mp3 */ = {isa = PBXFileReference; lastKnownFileType = audio.mp3; path = "sound-tap.mp3"; sourceTree = "<group>"; };
		C145A50A28F16FC4001E36EF /* ContentView-ViewModel.swift */ = {isa = PBXFileReference; lastKnownFileType = sourcecode.swift; path = "ContentView-ViewModel.swift"; sourceTree = "<group>"; };
		C145A50C28F17211001E36EF /* Info.plist */ = {isa = PBXFileReference; lastKnownFileType = text.plist; path = Info.plist; sourceTree = "<group>"; };
		C145A50D28F1767B001E36EF /* Constant.swift */ = {isa = PBXFileReference; lastKnownFileType = sourcecode.swift; path = Constant.swift; sourceTree = "<group>"; };
		C145A51028F19DEF001E36EF /* HideKeyboardExtension.swift */ = {isa = PBXFileReference; lastKnownFileType = sourcecode.swift; path = HideKeyboardExtension.swift; sourceTree = "<group>"; };
		C145A51228F1A6BA001E36EF /* BackgroundImageView.swift */ = {isa = PBXFileReference; lastKnownFileType = sourcecode.swift; path = BackgroundImageView.swift; sourceTree = "<group>"; };
		C145A51428F1C421001E36EF /* NewTashItemView.swift */ = {isa = PBXFileReference; lastKnownFileType = sourcecode.swift; path = NewTashItemView.swift; sourceTree = "<group>"; };
		C145A51628F1C92A001E36EF /* BlankView.swift */ = {isa = PBXFileReference; lastKnownFileType = sourcecode.swift; path = BlankView.swift; sourceTree = "<group>"; };
/* End PBXFileReference section */

/* Begin PBXFrameworksBuildPhase section */
		C145A4E428F16CC5001E36EF /* Frameworks */ = {
			isa = PBXFrameworksBuildPhase;
			buildActionMask = 2147483647;
			files = (
			);
			runOnlyForDeploymentPostprocessing = 0;
		};
/* End PBXFrameworksBuildPhase section */

/* Begin PBXGroup section */
		C145A4DE28F16CC4001E36EF = {
			isa = PBXGroup;
			children = (
				C145A4E928F16CC5001E36EF /* Devote */,
				C145A4E828F16CC5001E36EF /* Products */,
			);
			sourceTree = "<group>";
		};
		C145A4E828F16CC5001E36EF /* Products */ = {
			isa = PBXGroup;
			children = (
				C145A4E728F16CC5001E36EF /* Devote.app */,
			);
			name = Products;
			sourceTree = "<group>";
		};
		C145A4E928F16CC5001E36EF /* Devote */ = {
			isa = PBXGroup;
			children = (
				C145A50C28F17211001E36EF /* Info.plist */,
				C145A50928F16DAD001E36EF /* Extention */,
				C145A50828F16D98001E36EF /* Style */,
				C145A50728F16D63001E36EF /* Utility */,
				C145A50628F16D5D001E36EF /* View */,
				C145A50528F16D4C001E36EF /* Model */,
				C145A50328F16D30001E36EF /* Sounds */,
				C145A50428F16D41001E36EF /* Screen */,
				C145A50F28F18895001E36EF /* ViewModels */,
				C145A4EE28F16CC6001E36EF /* Assets.xcassets */,
				C145A4F028F16CC6001E36EF /* Preview Content */,
			);
			path = Devote;
			sourceTree = "<group>";
		};
		C145A4F028F16CC6001E36EF /* Preview Content */ = {
			isa = PBXGroup;
			children = (
				C145A4F128F16CC6001E36EF /* Preview Assets.xcassets */,
			);
			path = "Preview Content";
			sourceTree = "<group>";
		};
		C145A50328F16D30001E36EF /* Sounds */ = {
			isa = PBXGroup;
			children = (
				C145A4FE28F16D29001E36EF /* sound-ding.mp3 */,
				C145A4FD28F16D29001E36EF /* sound-rise.mp3 */,
				C145A4FF28F16D29001E36EF /* sound-tap.mp3 */,
			);
			path = Sounds;
			sourceTree = "<group>";
		};
		C145A50428F16D41001E36EF /* Screen */ = {
			isa = PBXGroup;
			children = (
				C145A4EA28F16CC5001E36EF /* DevoteApp.swift */,
				C145A4EC28F16CC5001E36EF /* ContentView.swift */,
			);
			path = Screen;
			sourceTree = "<group>";
		};
		C145A50528F16D4C001E36EF /* Model */ = {
			isa = PBXGroup;
			children = (
				C145A4F328F16CC6001E36EF /* Persistence.swift */,
				C145A4F528F16CC6001E36EF /* Devote.xcdatamodeld */,
			);
			path = Model;
			sourceTree = "<group>";
		};
		C145A50628F16D5D001E36EF /* View */ = {
			isa = PBXGroup;
			children = (
				C145A51228F1A6BA001E36EF /* BackgroundImageView.swift */,
				C145A51428F1C421001E36EF /* NewTashItemView.swift */,
				C145A51628F1C92A001E36EF /* BlankView.swift */,
			);
			path = View;
			sourceTree = "<group>";
		};
		C145A50728F16D63001E36EF /* Utility */ = {
			isa = PBXGroup;
			children = (
				C145A50D28F1767B001E36EF /* Constant.swift */,
			);
			path = Utility;
			sourceTree = "<group>";
		};
		C145A50828F16D98001E36EF /* Style */ = {
			isa = PBXGroup;
			children = (
			);
			path = Style;
			sourceTree = "<group>";
		};
		C145A50928F16DAD001E36EF /* Extention */ = {
			isa = PBXGroup;
			children = (
				C145A51028F19DEF001E36EF /* HideKeyboardExtension.swift */,
			);
			path = Extention;
			sourceTree = "<group>";
		};
		C145A50F28F18895001E36EF /* ViewModels */ = {
			isa = PBXGroup;
			children = (
				C145A50A28F16FC4001E36EF /* ContentView-ViewModel.swift */,
			);
			path = ViewModels;
			sourceTree = "<group>";
		};
/* End PBXGroup section */

/* Begin PBXNativeTarget section */
		C145A4E628F16CC5001E36EF /* Devote */ = {
			isa = PBXNativeTarget;
			buildConfigurationList = C145A4FA28F16CC6001E36EF /* Build configuration list for PBXNativeTarget "Devote" */;
			buildPhases = (
				C145A4E328F16CC5001E36EF /* Sources */,
				C145A4E428F16CC5001E36EF /* Frameworks */,
				C145A4E528F16CC5001E36EF /* Resources */,
			);
			buildRules = (
			);
			dependencies = (
			);
			name = Devote;
			productName = Devote;
			productReference = C145A4E728F16CC5001E36EF /* Devote.app */;
			productType = "com.apple.product-type.application";
		};
/* End PBXNativeTarget section */

/* Begin PBXProject section */
		C145A4DF28F16CC4001E36EF /* Project object */ = {
			isa = PBXProject;
			attributes = {
				BuildIndependentTargetsInParallel = 1;
				LastSwiftUpdateCheck = 1400;
				LastUpgradeCheck = 1400;
				TargetAttributes = {
					C145A4E628F16CC5001E36EF = {
						CreatedOnToolsVersion = 14.0.1;
					};
				};
			};
			buildConfigurationList = C145A4E228F16CC4001E36EF /* Build configuration list for PBXProject "Devote" */;
			compatibilityVersion = "Xcode 14.0";
			developmentRegion = en;
			hasScannedForEncodings = 0;
			knownRegions = (
				en,
				Base,
			);
			mainGroup = C145A4DE28F16CC4001E36EF;
			productRefGroup = C145A4E828F16CC5001E36EF /* Products */;
			projectDirPath = "";
			projectRoot = "";
			targets = (
				C145A4E628F16CC5001E36EF /* Devote */,
			);
		};
/* End PBXProject section */

/* Begin PBXResourcesBuildPhase section */
		C145A4E528F16CC5001E36EF /* Resources */ = {
			isa = PBXResourcesBuildPhase;
			buildActionMask = 2147483647;
			files = (
				C145A50128F16D29001E36EF /* sound-ding.mp3 in Resources */,
				C145A50028F16D29001E36EF /* sound-rise.mp3 in Resources */,
				C145A4F228F16CC6001E36EF /* Preview Assets.xcassets in Resources */,
				C145A50228F16D29001E36EF /* sound-tap.mp3 in Resources */,
				C145A4EF28F16CC6001E36EF /* Assets.xcassets in Resources */,
			);
			runOnlyForDeploymentPostprocessing = 0;
		};
/* End PBXResourcesBuildPhase section */

/* Begin PBXSourcesBuildPhase section */
		C145A4E328F16CC5001E36EF /* Sources */ = {
			isa = PBXSourcesBuildPhase;
			buildActionMask = 2147483647;
			files = (
				C145A4F428F16CC6001E36EF /* Persistence.swift in Sources */,
				C145A51728F1C92B001E36EF /* BlankView.swift in Sources */,
				C145A51528F1C422001E36EF /* NewTashItemView.swift in Sources */,
				C145A4ED28F16CC5001E36EF /* ContentView.swift in Sources */,
				C145A51328F1A6BA001E36EF /* BackgroundImageView.swift in Sources */,
				C145A51128F19DEF001E36EF /* HideKeyboardExtension.swift in Sources */,
				C145A50B28F16FC4001E36EF /* ContentView-ViewModel.swift in Sources */,
				C145A4F728F16CC6001E36EF /* Devote.xcdatamodeld in Sources */,
				C145A4EB28F16CC5001E36EF /* DevoteApp.swift in Sources */,
				C145A50E28F1767B001E36EF /* Constant.swift in Sources */,
			);
			runOnlyForDeploymentPostprocessing = 0;
		};
/* End PBXSourcesBuildPhase section */

/* Begin XCBuildConfiguration section */
		C145A4F828F16CC6001E36EF /* Debug */ = {
			isa = XCBuildConfiguration;
			buildSettings = {
				ALWAYS_SEARCH_USER_PATHS = NO;
				CLANG_ANALYZER_NONNULL = YES;
				CLANG_ANALYZER_NUMBER_OBJECT_CONVERSION = YES_AGGRESSIVE;
				CLANG_CXX_LANGUAGE_STANDARD = "gnu++20";
				CLANG_ENABLE_MODULES = YES;
				CLANG_ENABLE_OBJC_ARC = YES;
				CLANG_ENABLE_OBJC_WEAK = YES;
				CLANG_WARN_BLOCK_CAPTURE_AUTORELEASING = YES;
				CLANG_WARN_BOOL_CONVERSION = YES;
				CLANG_WARN_COMMA = YES;
				CLANG_WARN_CONSTANT_CONVERSION = YES;
				CLANG_WARN_DEPRECATED_OBJC_IMPLEMENTATIONS = YES;
				CLANG_WARN_DIRECT_OBJC_ISA_USAGE = YES_ERROR;
				CLANG_WARN_DOCUMENTATION_COMMENTS = YES;
				CLANG_WARN_EMPTY_BODY = YES;
				CLANG_WARN_ENUM_CONVERSION = YES;
				CLANG_WARN_INFINITE_RECURSION = YES;
				CLANG_WARN_INT_CONVERSION = YES;
				CLANG_WARN_NON_LITERAL_NULL_CONVERSION = YES;
				CLANG_WARN_OBJC_IMPLICIT_RETAIN_SELF = YES;
				CLANG_WARN_OBJC_LITERAL_CONVERSION = YES;
				CLANG_WARN_OBJC_ROOT_CLASS = YES_ERROR;
				CLANG_WARN_QUOTED_INCLUDE_IN_FRAMEWORK_HEADER = YES;
				CLANG_WARN_RANGE_LOOP_ANALYSIS = YES;
				CLANG_WARN_STRICT_PROTOTYPES = YES;
				CLANG_WARN_SUSPICIOUS_MOVE = YES;
				CLANG_WARN_UNGUARDED_AVAILABILITY = YES_AGGRESSIVE;
				CLANG_WARN_UNREACHABLE_CODE = YES;
				CLANG_WARN__DUPLICATE_METHOD_MATCH = YES;
				COPY_PHASE_STRIP = NO;
				DEBUG_INFORMATION_FORMAT = dwarf;
				ENABLE_STRICT_OBJC_MSGSEND = YES;
				ENABLE_TESTABILITY = YES;
				GCC_C_LANGUAGE_STANDARD = gnu11;
				GCC_DYNAMIC_NO_PIC = NO;
				GCC_NO_COMMON_BLOCKS = YES;
				GCC_OPTIMIZATION_LEVEL = 0;
				GCC_PREPROCESSOR_DEFINITIONS = (
					"DEBUG=1",
					"$(inherited)",
				);
				GCC_WARN_64_TO_32_BIT_CONVERSION = YES;
				GCC_WARN_ABOUT_RETURN_TYPE = YES_ERROR;
				GCC_WARN_UNDECLARED_SELECTOR = YES;
				GCC_WARN_UNINITIALIZED_AUTOS = YES_AGGRESSIVE;
				GCC_WARN_UNUSED_FUNCTION = YES;
				GCC_WARN_UNUSED_VARIABLE = YES;
				IPHONEOS_DEPLOYMENT_TARGET = 16.0;
				MTL_ENABLE_DEBUG_INFO = INCLUDE_SOURCE;
				MTL_FAST_MATH = YES;
				ONLY_ACTIVE_ARCH = YES;
				SDKROOT = iphoneos;
				SWIFT_ACTIVE_COMPILATION_CONDITIONS = DEBUG;
				SWIFT_OPTIMIZATION_LEVEL = "-Onone";
			};
			name = Debug;
		};
		C145A4F928F16CC6001E36EF /* Release */ = {
			isa = XCBuildConfiguration;
			buildSettings = {
				ALWAYS_SEARCH_USER_PATHS = NO;
				CLANG_ANALYZER_NONNULL = YES;
				CLANG_ANALYZER_NUMBER_OBJECT_CONVERSION = YES_AGGRESSIVE;
				CLANG_CXX_LANGUAGE_STANDARD = "gnu++20";
				CLANG_ENABLE_MODULES = YES;
				CLANG_ENABLE_OBJC_ARC = YES;
				CLANG_ENABLE_OBJC_WEAK = YES;
				CLANG_WARN_BLOCK_CAPTURE_AUTORELEASING = YES;
				CLANG_WARN_BOOL_CONVERSION = YES;
				CLANG_WARN_COMMA = YES;
				CLANG_WARN_CONSTANT_CONVERSION = YES;
				CLANG_WARN_DEPRECATED_OBJC_IMPLEMENTATIONS = YES;
				CLANG_WARN_DIRECT_OBJC_ISA_USAGE = YES_ERROR;
				CLANG_WARN_DOCUMENTATION_COMMENTS = YES;
				CLANG_WARN_EMPTY_BODY = YES;
				CLANG_WARN_ENUM_CONVERSION = YES;
				CLANG_WARN_INFINITE_RECURSION = YES;
				CLANG_WARN_INT_CONVERSION = YES;
				CLANG_WARN_NON_LITERAL_NULL_CONVERSION = YES;
				CLANG_WARN_OBJC_IMPLICIT_RETAIN_SELF = YES;
				CLANG_WARN_OBJC_LITERAL_CONVERSION = YES;
				CLANG_WARN_OBJC_ROOT_CLASS = YES_ERROR;
				CLANG_WARN_QUOTED_INCLUDE_IN_FRAMEWORK_HEADER = YES;
				CLANG_WARN_RANGE_LOOP_ANALYSIS = YES;
				CLANG_WARN_STRICT_PROTOTYPES = YES;
				CLANG_WARN_SUSPICIOUS_MOVE = YES;
				CLANG_WARN_UNGUARDED_AVAILABILITY = YES_AGGRESSIVE;
				CLANG_WARN_UNREACHABLE_CODE = YES;
				CLANG_WARN__DUPLICATE_METHOD_MATCH = YES;
				COPY_PHASE_STRIP = NO;
				DEBUG_INFORMATION_FORMAT = "dwarf-with-dsym";
				ENABLE_NS_ASSERTIONS = NO;
				ENABLE_STRICT_OBJC_MSGSEND = YES;
				GCC_C_LANGUAGE_STANDARD = gnu11;
				GCC_NO_COMMON_BLOCKS = YES;
				GCC_WARN_64_TO_32_BIT_CONVERSION = YES;
				GCC_WARN_ABOUT_RETURN_TYPE = YES_ERROR;
				GCC_WARN_UNDECLARED_SELECTOR = YES;
				GCC_WARN_UNINITIALIZED_AUTOS = YES_AGGRESSIVE;
				GCC_WARN_UNUSED_FUNCTION = YES;
				GCC_WARN_UNUSED_VARIABLE = YES;
				IPHONEOS_DEPLOYMENT_TARGET = 16.0;
				MTL_ENABLE_DEBUG_INFO = NO;
				MTL_FAST_MATH = YES;
				SDKROOT = iphoneos;
				SWIFT_COMPILATION_MODE = wholemodule;
				SWIFT_OPTIMIZATION_LEVEL = "-O";
				VALIDATE_PRODUCT = YES;
			};
			name = Release;
		};
		C145A4FB28F16CC6001E36EF /* Debug */ = {
			isa = XCBuildConfiguration;
			buildSettings = {
				ASSETCATALOG_COMPILER_APPICON_NAME = AppIcon;
				ASSETCATALOG_COMPILER_GLOBAL_ACCENT_COLOR_NAME = AccentColor;
				CODE_SIGN_STYLE = Automatic;
				CURRENT_PROJECT_VERSION = 1;
				DEVELOPMENT_ASSET_PATHS = "\"Devote/Preview Content\"";
				DEVELOPMENT_TEAM = 4836KR52L9;
				ENABLE_PREVIEWS = YES;
				GENERATE_INFOPLIST_FILE = YES;
				INFOPLIST_FILE = Devote/Info.plist;
				INFOPLIST_KEY_UIApplicationSceneManifest_Generation = YES;
				INFOPLIST_KEY_UIApplicationSupportsIndirectInputEvents = YES;
				INFOPLIST_KEY_UISupportedInterfaceOrientations_iPad = "UIInterfaceOrientationPortrait UIInterfaceOrientationPortraitUpsideDown UIInterfaceOrientationLandscapeLeft UIInterfaceOrientationLandscapeRight";
				INFOPLIST_KEY_UISupportedInterfaceOrientations_iPhone = "UIInterfaceOrientationPortrait UIInterfaceOrientationLandscapeLeft UIInterfaceOrientationLandscapeRight";
				LD_RUNPATH_SEARCH_PATHS = (
					"$(inherited)",
					"@executable_path/Frameworks",
				);
				MARKETING_VERSION = 1.0;
				PRODUCT_BUNDLE_IDENTIFIER = com.pucknavin.Devote;
				PRODUCT_NAME = "$(TARGET_NAME)";
				SWIFT_EMIT_LOC_STRINGS = YES;
				SWIFT_VERSION = 5.0;
				TARGETED_DEVICE_FAMILY = "1,2";
			};
			name = Debug;
		};
		C145A4FC28F16CC6001E36EF /* Release */ = {
			isa = XCBuildConfiguration;
			buildSettings = {
				ASSETCATALOG_COMPILER_APPICON_NAME = AppIcon;
				ASSETCATALOG_COMPILER_GLOBAL_ACCENT_COLOR_NAME = AccentColor;
				CODE_SIGN_STYLE = Automatic;
				CURRENT_PROJECT_VERSION = 1;
				DEVELOPMENT_ASSET_PATHS = "\"Devote/Preview Content\"";
				DEVELOPMENT_TEAM = 4836KR52L9;
				ENABLE_PREVIEWS = YES;
				GENERATE_INFOPLIST_FILE = YES;
				INFOPLIST_FILE = Devote/Info.plist;
				INFOPLIST_KEY_UIApplicationSceneManifest_Generation = YES;
				INFOPLIST_KEY_UIApplicationSupportsIndirectInputEvents = YES;
				INFOPLIST_KEY_UISupportedInterfaceOrientations_iPad = "UIInterfaceOrientationPortrait UIInterfaceOrientationPortraitUpsideDown UIInterfaceOrientationLandscapeLeft UIInterfaceOrientationLandscapeRight";
				INFOPLIST_KEY_UISupportedInterfaceOrientations_iPhone = "UIInterfaceOrientationPortrait UIInterfaceOrientationLandscapeLeft UIInterfaceOrientationLandscapeRight";
				LD_RUNPATH_SEARCH_PATHS = (
					"$(inherited)",
					"@executable_path/Frameworks",
				);
				MARKETING_VERSION = 1.0;
				PRODUCT_BUNDLE_IDENTIFIER = com.pucknavin.Devote;
				PRODUCT_NAME = "$(TARGET_NAME)";
				SWIFT_EMIT_LOC_STRINGS = YES;
				SWIFT_VERSION = 5.0;
				TARGETED_DEVICE_FAMILY = "1,2";
			};
			name = Release;
		};
/* End XCBuildConfiguration section */

/* Begin XCConfigurationList section */
		C145A4E228F16CC4001E36EF /* Build configuration list for PBXProject "Devote" */ = {
			isa = XCConfigurationList;
			buildConfigurations = (
				C145A4F828F16CC6001E36EF /* Debug */,
				C145A4F928F16CC6001E36EF /* Release */,
			);
			defaultConfigurationIsVisible = 0;
			defaultConfigurationName = Release;
		};
		C145A4FA28F16CC6001E36EF /* Build configuration list for PBXNativeTarget "Devote" */ = {
			isa = XCConfigurationList;
			buildConfigurations = (
				C145A4FB28F16CC6001E36EF /* Debug */,
				C145A4FC28F16CC6001E36EF /* Release */,
			);
			defaultConfigurationIsVisible = 0;
			defaultConfigurationName = Release;
		};
/* End XCConfigurationList section */

/* Begin XCVersionGroup section */
		C145A4F528F16CC6001E36EF /* Devote.xcdatamodeld */ = {
			isa = XCVersionGroup;
			children = (
				C145A4F628F16CC6001E36EF /* Devote.xcdatamodel */,
			);
			currentVersion = C145A4F628F16CC6001E36EF /* Devote.xcdatamodel */;
			path = Devote.xcdatamodeld;
			sourceTree = "<group>";
			versionGroupType = wrapper.xcdatamodel;
		};
/* End XCVersionGroup section */
	};
	rootObject = C145A4DF28F16CC4001E36EF /* Project object */;
}
